
Microsoft Visual Studio Solution File, Format Version 12.00
# Visual Studio Version 17
VisualStudioVersion = 17.7.34024.191
MinimumVisualStudioVersion = 10.0.40219.1
Project("{9A19103F-16F7-4668-BE54-9A1E7A4F7556}") = "week2", "week2\week2.csproj", "{EF936009-0DF9-4DB3-AE9E-CFDF4EB6A01A}"
EndProject
Project("{9A19103F-16F7-4668-BE54-9A1E7A4F7556}") = "UserGenderValidation", "UserAgeValidation\UserGenderValidation.csproj", "{71C1D817-9F79-42B1-9959-BFA88F71430B}"
EndProject
Project("{FAE04EC0-301F-11D3-BF4B-00C04F79EFBC}") = "UserAgeValidation2", "UserAgeValidation2\UserAgeValidation2.csproj", "{233BCA74-537B-4DB8-B842-560FE76501B6}"
EndProject
Global
	GlobalSection(SolutionConfigurationPlatforms) = preSolution
		Debug|Any CPU = Debug|Any CPU
		Release|Any CPU = Release|Any CPU
	EndGlobalSection
	GlobalSection(ProjectConfigurationPlatforms) = postSolution
		{EF936009-0DF9-4DB3-AE9E-CFDF4EB6A01A}.Debug|Any CPU.ActiveCfg = Debug|Any CPU
		{EF936009-0DF9-4DB3-AE9E-CFDF4EB6A01A}.Debug|Any CPU.Build.0 = Debug|Any CPU
		{EF936009-0DF9-4DB3-AE9E-CFDF4EB6A01A}.Release|Any CPU.ActiveCfg = Release|Any CPU
		{EF936009-0DF9-4DB3-AE9E-CFDF4EB6A01A}.Release|Any CPU.Build.0 = Release|Any CPU
		{71C1D817-9F79-42B1-9959-BFA88F71430B}.Debug|Any CPU.ActiveCfg = Debug|Any CPU
		{71C1D817-9F79-42B1-9959-BFA88F71430B}.Debug|Any CPU.Build.0 = Debug|Any CPU
		{71C1D817-9F79-42B1-9959-BFA88F71430B}.Release|Any CPU.ActiveCfg = Release|Any CPU
		{71C1D817-9F79-42B1-9959-BFA88F71430B}.Release|Any CPU.Build.0 = Release|Any CPU
		{233BCA74-537B-4DB8-B842-560FE76501B6}.Debug|Any CPU.ActiveCfg = Debug|Any CPU
		{233BCA74-537B-4DB8-B842-560FE76501B6}.Debug|Any CPU.Build.0 = Debug|Any CPU
		{233BCA74-537B-4DB8-B842-560FE76501B6}.Release|Any CPU.ActiveCfg = Release|Any CPU
		{233BCA74-537B-4DB8-B842-560FE76501B6}.Release|Any CPU.Build.0 = Release|Any CPU
	EndGlobalSection
	GlobalSection(SolutionProperties) = preSolution
		HideSolutionNode = FALSE
	EndGlobalSection
	GlobalSection(ExtensibilityGlobals) = postSolution
		SolutionGuid = {F0CBF7EA-0CF5-4830-B47A-3DBB4E3D2BB3}
	EndGlobalSection
EndGlobal
